
Microsoft Visual Studio Solution File, Format Version 12.00
# Visual Studio Version 17
VisualStudioVersion = 17.2.32616.157
MinimumVisualStudioVersion = 10.0.40219.1
Project("{2150E333-8FDC-42A3-9474-1A3956D46DE8}") = "domain", "domain", "{76FFDD32-AB09-49F3-998E-09485FBC4ECA}"
EndProject
Project("{9A19103F-16F7-4668-BE54-9A1E7A4F7556}") = "Store", "domain\Store\Store.csproj", "{BD2667A7-AEEE-4B50-BF6C-E64294AA88C3}"
EndProject
Project("{2150E333-8FDC-42A3-9474-1A3956D46DE8}") = "infrastructure", "infrastructure", "{B98EB16F-4BDC-4347-BAD9-C6CB9B665BB9}"
EndProject
Project("{9A19103F-16F7-4668-BE54-9A1E7A4F7556}") = "Store.Memory", "infrastructure\StoreMemory\Store.Memory.csproj", "{75E08AF2-6D90-4FD8-A40C-5B93A8B44E67}"
EndProject
Project("{2150E333-8FDC-42A3-9474-1A3956D46DE8}") = "presentation", "presentation", "{70ED73DF-2B80-4E94-BABC-D2F449CBE5E1}"
EndProject
Project("{9A19103F-16F7-4668-BE54-9A1E7A4F7556}") = "Store.Web", "presentation\Store.Web\Store.Web.csproj", "{F4F3B006-44E5-459F-AE87-BD5CEFB10756}"
EndProject
Project("{FAE04EC0-301F-11D3-BF4B-00C04F79EFBC}") = "Store.Tests", "domain\Store.Tests\Store.Tests.csproj", "{72871479-663F-40AE-90FD-9B1300311A26}"
EndProject
Global
	GlobalSection(SolutionConfigurationPlatforms) = preSolution
		Debug|Any CPU = Debug|Any CPU
		Release|Any CPU = Release|Any CPU
	EndGlobalSection
	GlobalSection(ProjectConfigurationPlatforms) = postSolution
		{BD2667A7-AEEE-4B50-BF6C-E64294AA88C3}.Debug|Any CPU.ActiveCfg = Debug|Any CPU
		{BD2667A7-AEEE-4B50-BF6C-E64294AA88C3}.Debug|Any CPU.Build.0 = Debug|Any CPU
		{BD2667A7-AEEE-4B50-BF6C-E64294AA88C3}.Release|Any CPU.ActiveCfg = Release|Any CPU
		{BD2667A7-AEEE-4B50-BF6C-E64294AA88C3}.Release|Any CPU.Build.0 = Release|Any CPU
		{75E08AF2-6D90-4FD8-A40C-5B93A8B44E67}.Debug|Any CPU.ActiveCfg = Debug|Any CPU
		{75E08AF2-6D90-4FD8-A40C-5B93A8B44E67}.Debug|Any CPU.Build.0 = Debug|Any CPU
		{75E08AF2-6D90-4FD8-A40C-5B93A8B44E67}.Release|Any CPU.ActiveCfg = Release|Any CPU
		{75E08AF2-6D90-4FD8-A40C-5B93A8B44E67}.Release|Any CPU.Build.0 = Release|Any CPU
		{F4F3B006-44E5-459F-AE87-BD5CEFB10756}.Debug|Any CPU.ActiveCfg = Debug|Any CPU
		{F4F3B006-44E5-459F-AE87-BD5CEFB10756}.Debug|Any CPU.Build.0 = Debug|Any CPU
		{F4F3B006-44E5-459F-AE87-BD5CEFB10756}.Release|Any CPU.ActiveCfg = Release|Any CPU
		{F4F3B006-44E5-459F-AE87-BD5CEFB10756}.Release|Any CPU.Build.0 = Release|Any CPU
		{72871479-663F-40AE-90FD-9B1300311A26}.Debug|Any CPU.ActiveCfg = Debug|Any CPU
		{72871479-663F-40AE-90FD-9B1300311A26}.Debug|Any CPU.Build.0 = Debug|Any CPU
		{72871479-663F-40AE-90FD-9B1300311A26}.Release|Any CPU.ActiveCfg = Release|Any CPU
		{72871479-663F-40AE-90FD-9B1300311A26}.Release|Any CPU.Build.0 = Release|Any CPU
	EndGlobalSection
	GlobalSection(SolutionProperties) = preSolution
		HideSolutionNode = FALSE
	EndGlobalSection
	GlobalSection(NestedProjects) = preSolution
		{BD2667A7-AEEE-4B50-BF6C-E64294AA88C3} = {76FFDD32-AB09-49F3-998E-09485FBC4ECA}
		{75E08AF2-6D90-4FD8-A40C-5B93A8B44E67} = {B98EB16F-4BDC-4347-BAD9-C6CB9B665BB9}
		{F4F3B006-44E5-459F-AE87-BD5CEFB10756} = {70ED73DF-2B80-4E94-BABC-D2F449CBE5E1}
		{72871479-663F-40AE-90FD-9B1300311A26} = {76FFDD32-AB09-49F3-998E-09485FBC4ECA}
	EndGlobalSection
	GlobalSection(ExtensibilityGlobals) = postSolution
		SolutionGuid = {2431C029-F72B-4C66-80B1-89635894FA86}
	EndGlobalSection
EndGlobal
